// !$*UTF8*$!
{
	archiveVersion = 1;
	classes = {
	};
	objectVersion = 48;
	objects = {

/* Begin PBXBuildFile section */
		2F526D3C22407CAC00D5A4B5 /* Main.storyboard in Resources */ = {isa = PBXBuildFile; fileRef = 2F526D3B22407CAC00D5A4B5 /* Main.storyboard */; };
		2F526D3E22407CE700D5A4B5 /* WeatherDataModel.swift in Sources */ = {isa = PBXBuildFile; fileRef = 2F526D3D22407CE700D5A4B5 /* WeatherDataModel.swift */; };
		2F526D4022407CF700D5A4B5 /* ChangeCityViewController.swift in Sources */ = {isa = PBXBuildFile; fileRef = 2F526D3F22407CF700D5A4B5 /* ChangeCityViewController.swift */; };
		2F526D4222407D0000D5A4B5 /* WeatherViewController.swift in Sources */ = {isa = PBXBuildFile; fileRef = 2F526D4122407D0000D5A4B5 /* WeatherViewController.swift */; };
		2F526D4422407D1A00D5A4B5 /* Info.plist in Resources */ = {isa = PBXBuildFile; fileRef = 2F526D4322407D1A00D5A4B5 /* Info.plist */; };
		2FAB7CFC22407BD400CC2A1D /* AppDelegate.swift in Sources */ = {isa = PBXBuildFile; fileRef = 2FAB7CFB22407BD400CC2A1D /* AppDelegate.swift */; };
		2FAB7D0322407BD400CC2A1D /* Assets.xcassets in Resources */ = {isa = PBXBuildFile; fileRef = 2FAB7D0222407BD400CC2A1D /* Assets.xcassets */; };
		2FAB7D0622407BD400CC2A1D /* LaunchScreen.storyboard in Resources */ = {isa = PBXBuildFile; fileRef = 2FAB7D0422407BD400CC2A1D /* LaunchScreen.storyboard */; };
		86361A9329A929C4D58D387E /* Pods_Get_Weather.framework in Frameworks */ = {isa = PBXBuildFile; fileRef = 13D66B8B2E6EBC653C9DB780 /* Pods_Get_Weather.framework */; };
/* End PBXBuildFile section */

/* Begin PBXFileReference section */
		13D66B8B2E6EBC653C9DB780 /* Pods_Get_Weather.framework */ = {isa = PBXFileReference; explicitFileType = wrapper.framework; includeInIndex = 0; path = Pods_Get_Weather.framework; sourceTree = BUILT_PRODUCTS_DIR; };
		172E696FDF1553787A4B158C /* Pods-Get Weather.release.xcconfig */ = {isa = PBXFileReference; includeInIndex = 1; lastKnownFileType = text.xcconfig; name = "Pods-Get Weather.release.xcconfig"; path = "Target Support Files/Pods-Get Weather/Pods-Get Weather.release.xcconfig"; sourceTree = "<group>"; };
		2F526D3B22407CAC00D5A4B5 /* Main.storyboard */ = {isa = PBXFileReference; fileEncoding = 4; lastKnownFileType = file.storyboard; path = Main.storyboard; sourceTree = "<group>"; };
		2F526D3D22407CE700D5A4B5 /* WeatherDataModel.swift */ = {isa = PBXFileReference; fileEncoding = 4; lastKnownFileType = sourcecode.swift; path = WeatherDataModel.swift; sourceTree = "<group>"; };
		2F526D3F22407CF700D5A4B5 /* ChangeCityViewController.swift */ = {isa = PBXFileReference; fileEncoding = 4; lastKnownFileType = sourcecode.swift; path = ChangeCityViewController.swift; sourceTree = "<group>"; };
		2F526D4122407D0000D5A4B5 /* WeatherViewController.swift */ = {isa = PBXFileReference; fileEncoding = 4; lastKnownFileType = sourcecode.swift; path = WeatherViewController.swift; sourceTree = "<group>"; };
		2F526D4322407D1A00D5A4B5 /* Info.plist */ = {isa = PBXFileReference; fileEncoding = 4; lastKnownFileType = text.plist.xml; name = Info.plist; path = "../../Clima-master/Clima/Info.plist"; sourceTree = "<group>"; };
		2FAB7CF822407BD400CC2A1D /* Get Weather.app */ = {isa = PBXFileReference; explicitFileType = wrapper.application; includeInIndex = 0; path = "Get Weather.app"; sourceTree = BUILT_PRODUCTS_DIR; };
		2FAB7CFB22407BD400CC2A1D /* AppDelegate.swift */ = {isa = PBXFileReference; lastKnownFileType = sourcecode.swift; path = AppDelegate.swift; sourceTree = "<group>"; };
		2FAB7D0222407BD400CC2A1D /* Assets.xcassets */ = {isa = PBXFileReference; lastKnownFileType = folder.assetcatalog; path = Assets.xcassets; sourceTree = "<group>"; };
		2FAB7D0522407BD400CC2A1D /* Base */ = {isa = PBXFileReference; lastKnownFileType = file.storyboard; name = Base; path = Base.lproj/LaunchScreen.storyboard; sourceTree = "<group>"; };
		F447B968A5ACDB4F6D948B1E /* Pods-Get Weather.debug.xcconfig */ = {isa = PBXFileReference; includeInIndex = 1; lastKnownFileType = text.xcconfig; name = "Pods-Get Weather.debug.xcconfig"; path = "Target Support Files/Pods-Get Weather/Pods-Get Weather.debug.xcconfig"; sourceTree = "<group>"; };
/* End PBXFileReference section */

/* Begin PBXFrameworksBuildPhase section */
		2FAB7CF522407BD400CC2A1D /* Frameworks */ = {
			isa = PBXFrameworksBuildPhase;
			buildActionMask = 2147483647;
			files = (
				86361A9329A929C4D58D387E /* Pods_Get_Weather.framework in Frameworks */,
			);
			runOnlyForDeploymentPostprocessing = 0;
		};
/* End PBXFrameworksBuildPhase section */

/* Begin PBXGroup section */
		0591360B6342820A9E027696 /* Frameworks */ = {
			isa = PBXGroup;
			children = (
				13D66B8B2E6EBC653C9DB780 /* Pods_Get_Weather.framework */,
			);
			name = Frameworks;
			sourceTree = "<group>";
		};
		2FAB7CEF22407BD400CC2A1D = {
			isa = PBXGroup;
			children = (
				2FAB7CFA22407BD400CC2A1D /* Get Weather */,
				2FAB7CF922407BD400CC2A1D /* Products */,
				BAD9601F77ABD648464F46BE /* Pods */,
				0591360B6342820A9E027696 /* Frameworks */,
			);
			sourceTree = "<group>";
		};
		2FAB7CF922407BD400CC2A1D /* Products */ = {
			isa = PBXGroup;
			children = (
				2FAB7CF822407BD400CC2A1D /* Get Weather.app */,
			);
			name = Products;
			sourceTree = "<group>";
		};
		2FAB7CFA22407BD400CC2A1D /* Get Weather */ = {
			isa = PBXGroup;
			children = (
				2FAB7CFB22407BD400CC2A1D /* AppDelegate.swift */,
				2F526D3D22407CE700D5A4B5 /* WeatherDataModel.swift */,
				2F526D3F22407CF700D5A4B5 /* ChangeCityViewController.swift */,
				2F526D4122407D0000D5A4B5 /* WeatherViewController.swift */,
				2F526D3B22407CAC00D5A4B5 /* Main.storyboard */,
				2FAB7D0222407BD400CC2A1D /* Assets.xcassets */,
				2FAB7D0422407BD400CC2A1D /* LaunchScreen.storyboard */,
				2F526D4322407D1A00D5A4B5 /* Info.plist */,
			);
			path = "Get Weather";
			sourceTree = "<group>";
		};
		BAD9601F77ABD648464F46BE /* Pods */ = {
			isa = PBXGroup;
			children = (
				F447B968A5ACDB4F6D948B1E /* Pods-Get Weather.debug.xcconfig */,
				172E696FDF1553787A4B158C /* Pods-Get Weather.release.xcconfig */,
			);
			path = Pods;
			sourceTree = "<group>";
		};
/* End PBXGroup section */

/* Begin PBXNativeTarget section */
		2FAB7CF722407BD400CC2A1D /* Get Weather */ = {
			isa = PBXNativeTarget;
			buildConfigurationList = 2FAB7D0A22407BD400CC2A1D /* Build configuration list for PBXNativeTarget "Get Weather" */;
			buildPhases = (
				083D94F2EBEF052FCBB328F0 /* [CP] Check Pods Manifest.lock */,
				2FAB7CF422407BD400CC2A1D /* Sources */,
				2FAB7CF522407BD400CC2A1D /* Frameworks */,
				2FAB7CF622407BD400CC2A1D /* Resources */,
				E24711C90BD7AFE6F7F2F50F /* [CP] Embed Pods Frameworks */,
			);
			buildRules = (
			);
			dependencies = (
			);
			name = "Get Weather";
			productName = "Get Weather";
			productReference = 2FAB7CF822407BD400CC2A1D /* Get Weather.app */;
			productType = "com.apple.product-type.application";
		};
/* End PBXNativeTarget section */

/* Begin PBXProject section */
		2FAB7CF022407BD400CC2A1D /* Project object */ = {
			isa = PBXProject;
			attributes = {
				LastSwiftUpdateCheck = 0920;
				LastUpgradeCheck = 0920;
				ORGANIZATIONNAME = "MHD HASAN";
				TargetAttributes = {
					2FAB7CF722407BD400CC2A1D = {
						CreatedOnToolsVersion = 9.2;
						ProvisioningStyle = Automatic;
					};
				};
			};
			buildConfigurationList = 2FAB7CF322407BD400CC2A1D /* Build configuration list for PBXProject "Get Weather" */;
			compatibilityVersion = "Xcode 8.0";
			developmentRegion = en;
			hasScannedForEncodings = 0;
			knownRegions = (
				en,
				Base,
			);
			mainGroup = 2FAB7CEF22407BD400CC2A1D;
			productRefGroup = 2FAB7CF922407BD400CC2A1D /* Products */;
			projectDirPath = "";
			projectRoot = "";
			targets = (
				2FAB7CF722407BD400CC2A1D /* Get Weather */,
			);
		};
/* End PBXProject section */

/* Begin PBXResourcesBuildPhase section */
		2FAB7CF622407BD400CC2A1D /* Resources */ = {
			isa = PBXResourcesBuildPhase;
			buildActionMask = 2147483647;
			files = (
				2F526D4422407D1A00D5A4B5 /* Info.plist in Resources */,
				2FAB7D0622407BD400CC2A1D /* LaunchScreen.storyboard in Resources */,
				2FAB7D0322407BD400CC2A1D /* Assets.xcassets in Resources */,
				2F526D3C22407CAC00D5A4B5 /* Main.storyboard in Resources */,
			);
			runOnlyForDeploymentPostprocessing = 0;
		};
/* End PBXResourcesBuildPhase section */

/* Begin PBXShellScriptBuildPhase section */
		083D94F2EBEF052FCBB328F0 /* [CP] Check Pods Manifest.lock */ = {
			isa = PBXShellScriptBuildPhase;
			buildActionMask = 2147483647;
			files = (
			);
			inputPaths = (
				"${PODS_PODFILE_DIR_PATH}/Podfile.lock",
				"${PODS_ROOT}/Manifest.lock",
			);
			name = "[CP] Check Pods Manifest.lock";
			outputPaths = (
				"$(DERIVED_FILE_DIR)/Pods-Get Weather-checkManifestLockResult.txt",
			);
			runOnlyForDeploymentPostprocessing = 0;
			shellPath = /bin/sh;
			shellScript = "diff \"${PODS_PODFILE_DIR_PATH}/Podfile.lock\" \"${PODS_ROOT}/Manifest.lock\" > /dev/null\nif [ $? != 0 ] ; then\n    # print error to STDERR\n    echo \"error: The sandbox is not in sync with the Podfile.lock. Run 'pod install' or update your CocoaPods installation.\" >&2\n    exit 1\nfi\n# This output is used by Xcode 'outputs' to avoid re-running this script phase.\necho \"SUCCESS\" > \"${SCRIPT_OUTPUT_FILE_0}\"\n";
			showEnvVarsInLog = 0;
		};
		E24711C90BD7AFE6F7F2F50F /* [CP] Embed Pods Frameworks */ = {
			isa = PBXShellScriptBuildPhase;
			buildActionMask = 2147483647;
			files = (
			);
			inputPaths = (
				"${PODS_ROOT}/Target Support Files/Pods-Get Weather/Pods-Get Weather-frameworks.sh",
				"${BUILT_PRODUCTS_DIR}/Alamofire/Alamofire.framework",
				"${BUILT_PRODUCTS_DIR}/SVProgressHUD/SVProgressHUD.framework",
				"${BUILT_PRODUCTS_DIR}/SwiftyJSON/SwiftyJSON.framework",
			);
			name = "[CP] Embed Pods Frameworks";
			outputPaths = (
				"${TARGET_BUILD_DIR}/${FRAMEWORKS_FOLDER_PATH}/Alamofire.framework",
				"${TARGET_BUILD_DIR}/${FRAMEWORKS_FOLDER_PATH}/SVProgressHUD.framework",
				"${TARGET_BUILD_DIR}/${FRAMEWORKS_FOLDER_PATH}/SwiftyJSON.framework",
			);
			runOnlyForDeploymentPostprocessing = 0;
			shellPath = /bin/sh;
			shellScript = "\"${PODS_ROOT}/Target Support Files/Pods-Get Weather/Pods-Get Weather-frameworks.sh\"\n";
			showEnvVarsInLog = 0;
		};
/* End PBXShellScriptBuildPhase section */

/* Begin PBXSourcesBuildPhase section */
		2FAB7CF422407BD400CC2A1D /* Sources */ = {
			isa = PBXSourcesBuildPhase;
			buildActionMask = 2147483647;
			files = (
				2F526D4222407D0000D5A4B5 /* WeatherViewController.swift in Sources */,
				2FAB7CFC22407BD400CC2A1D /* AppDelegate.swift in Sources */,
				2F526D3E22407CE700D5A4B5 /* WeatherDataModel.swift in Sources */,
				2F526D4022407CF700D5A4B5 /* ChangeCityViewController.swift in Sources */,
			);
			runOnlyForDeploymentPostprocessing = 0;
		};
/* End PBXSourcesBuildPhase section */

/* Begin PBXVariantGroup section */
		2FAB7D0422407BD400CC2A1D /* LaunchScreen.storyboard */ = {
			isa = PBXVariantGroup;
			children = (
				2FAB7D0522407BD400CC2A1D /* Base */,
			);
			name = LaunchScreen.storyboard;
			sourceTree = "<group>";
		};
/* End PBXVariantGroup section */

/* Begin XCBuildConfiguration section */
		2FAB7D0822407BD400CC2A1D /* Debug */ = {
			isa = XCBuildConfiguration;
			buildSettings = {
				ALWAYS_SEARCH_USER_PATHS = NO;
				CLANG_ANALYZER_NONNULL = YES;
				CLANG_ANALYZER_NUMBER_OBJECT_CONVERSION = YES_AGGRESSIVE;
				CLANG_CXX_LANGUAGE_STANDARD = "gnu++14";
				CLANG_CXX_LIBRARY = "libc++";
				CLANG_ENABLE_MODULES = YES;
				CLANG_ENABLE_OBJC_ARC = YES;
				CLANG_WARN_BLOCK_CAPTURE_AUTORELEASING = YES;
				CLANG_WARN_BOOL_CONVERSION = YES;
				CLANG_WARN_COMMA = YES;
				CLANG_WARN_CONSTANT_CONVERSION = YES;
				CLANG_WARN_DIRECT_OBJC_ISA_USAGE = YES_ERROR;
				CLANG_WARN_DOCUMENTATION_COMMENTS = YES;
				CLANG_WARN_EMPTY_BODY = YES;
				CLANG_WARN_ENUM_CONVERSION = YES;
				CLANG_WARN_INFINITE_RECURSION = YES;
				CLANG_WARN_INT_CONVERSION = YES;
				CLANG_WARN_NON_LITERAL_NULL_CONVERSION = YES;
				CLANG_WARN_OBJC_LITERAL_CONVERSION = YES;
				CLANG_WARN_OBJC_ROOT_CLASS = YES_ERROR;
				CLANG_WARN_RANGE_LOOP_ANALYSIS = YES;
				CLANG_WARN_STRICT_PROTOTYPES = YES;
				CLANG_WARN_SUSPICIOUS_MOVE = YES;
				CLANG_WARN_UNGUARDED_AVAILABILITY = YES_AGGRESSIVE;
				CLANG_WARN_UNREACHABLE_CODE = YES;
				CLANG_WARN__DUPLICATE_METHOD_MATCH = YES;
				CODE_SIGN_IDENTITY = "iPhone Developer";
				COPY_PHASE_STRIP = NO;
				DEBUG_INFORMATION_FORMAT = dwarf;
				ENABLE_STRICT_OBJC_MSGSEND = YES;
				ENABLE_TESTABILITY = YES;
				GCC_C_LANGUAGE_STANDARD = gnu11;
				GCC_DYNAMIC_NO_PIC = NO;
				GCC_NO_COMMON_BLOCKS = YES;
				GCC_OPTIMIZATION_LEVEL = 0;
				GCC_PREPROCESSOR_DEFINITIONS = (
					"DEBUG=1",
					"$(inherited)",
				);
				GCC_WARN_64_TO_32_BIT_CONVERSION = YES;
				GCC_WARN_ABOUT_RETURN_TYPE = YES_ERROR;
				GCC_WARN_UNDECLARED_SELECTOR = YES;
				GCC_WARN_UNINITIALIZED_AUTOS = YES_AGGRESSIVE;
				GCC_WARN_UNUSED_FUNCTION = YES;
				GCC_WARN_UNUSED_VARIABLE = YES;
				IPHONEOS_DEPLOYMENT_TARGET = 11.2;
				MTL_ENABLE_DEBUG_INFO = YES;
				ONLY_ACTIVE_ARCH = YES;
				SDKROOT = iphoneos;
				SWIFT_ACTIVE_COMPILATION_CONDITIONS = DEBUG;
				SWIFT_OPTIMIZATION_LEVEL = "-Onone";
			};
			name = Debug;
		};
		2FAB7D0922407BD400CC2A1D /* Release */ = {
			isa = XCBuildConfiguration;
			buildSettings = {
				ALWAYS_SEARCH_USER_PATHS = NO;
				CLANG_ANALYZER_NONNULL = YES;
				CLANG_ANALYZER_NUMBER_OBJECT_CONVERSION = YES_AGGRESSIVE;
				CLANG_CXX_LANGUAGE_STANDARD = "gnu++14";
				CLANG_CXX_LIBRARY = "libc++";
				CLANG_ENABLE_MODULES = YES;
				CLANG_ENABLE_OBJC_ARC = YES;
				CLANG_WARN_BLOCK_CAPTURE_AUTORELEASING = YES;
				CLANG_WARN_BOOL_CONVERSION = YES;
				CLANG_WARN_COMMA = YES;
				CLANG_WARN_CONSTANT_CONVERSION = YES;
				CLANG_WARN_DIRECT_OBJC_ISA_USAGE = YES_ERROR;
				CLANG_WARN_DOCUMENTATION_COMMENTS = YES;
				CLANG_WARN_EMPTY_BODY = YES;
				CLANG_WARN_ENUM_CONVERSION = YES;
				CLANG_WARN_INFINITE_RECURSION = YES;
				CLANG_WARN_INT_CONVERSION = YES;
				CLANG_WARN_NON_LITERAL_NULL_CONVERSION = YES;
				CLANG_WARN_OBJC_LITERAL_CONVERSION = YES;
				CLANG_WARN_OBJC_ROOT_CLASS = YES_ERROR;
				CLANG_WARN_RANGE_LOOP_ANALYSIS = YES;
				CLANG_WARN_STRICT_PROTOTYPES = YES;
				CLANG_WARN_SUSPICIOUS_MOVE = YES;
				CLANG_WARN_UNGUARDED_AVAILABILITY = YES_AGGRESSIVE;
				CLANG_WARN_UNREACHABLE_CODE = YES;
				CLANG_WARN__DUPLICATE_METHOD_MATCH = YES;
				CODE_SIGN_IDENTITY = "iPhone Developer";
				COPY_PHASE_STRIP = NO;
				DEBUG_INFORMATION_FORMAT = "dwarf-with-dsym";
				ENABLE_NS_ASSERTIONS = NO;
				ENABLE_STRICT_OBJC_MSGSEND = YES;
				GCC_C_LANGUAGE_STANDARD = gnu11;
				GCC_NO_COMMON_BLOCKS = YES;
				GCC_WARN_64_TO_32_BIT_CONVERSION = YES;
				GCC_WARN_ABOUT_RETURN_TYPE = YES_ERROR;
				GCC_WARN_UNDECLARED_SELECTOR = YES;
				GCC_WARN_UNINITIALIZED_AUTOS = YES_AGGRESSIVE;
				GCC_WARN_UNUSED_FUNCTION = YES;
				GCC_WARN_UNUSED_VARIABLE = YES;
				IPHONEOS_DEPLOYMENT_TARGET = 11.2;
				MTL_ENABLE_DEBUG_INFO = NO;
				SDKROOT = iphoneos;
				SWIFT_OPTIMIZATION_LEVEL = "-Owholemodule";
				VALIDATE_PRODUCT = YES;
			};
			name = Release;
		};
		2FAB7D0B22407BD400CC2A1D /* Debug */ = {
			isa = XCBuildConfiguration;
			baseConfigurationReference = F447B968A5ACDB4F6D948B1E /* Pods-Get Weather.debug.xcconfig */;
			buildSettings = {
				ASSETCATALOG_COMPILER_APPICON_NAME = AppIcon;
				CODE_SIGN_STYLE = Automatic;
				INFOPLIST_FILE = "Get Weather/Info.plist";
				LD_RUNPATH_SEARCH_PATHS = "$(inherited) @executable_path/Frameworks";
				PRODUCT_BUNDLE_IDENTIFIER = "cood.com.Get-Weather";
				PRODUCT_NAME = "$(TARGET_NAME)";
				SWIFT_VERSION = 4.0;
				TARGETED_DEVICE_FAMILY = "1,2";
			};
			name = Debug;
		};
		2FAB7D0C22407BD400CC2A1D /* Release */ = {
			isa = XCBuildConfiguration;
			baseConfigurationReference = 172E696FDF1553787A4B158C /* Pods-Get Weather.release.xcconfig */;
			buildSettings = {
				ASSETCATALOG_COMPILER_APPICON_NAME = AppIcon;
				CODE_SIGN_STYLE = Automatic;
				INFOPLIST_FILE = "Get Weather/Info.plist";
				LD_RUNPATH_SEARCH_PATHS = "$(inherited) @executable_path/Frameworks";
				PRODUCT_BUNDLE_IDENTIFIER = "cood.com.Get-Weather";
				PRODUCT_NAME = "$(TARGET_NAME)";
				SWIFT_VERSION = 4.0;
				TARGETED_DEVICE_FAMILY = "1,2";
			};
			name = Release;
		};
/* End XCBuildConfiguration section */

/* Begin XCConfigurationList section */
		2FAB7CF322407BD400CC2A1D /* Build configuration list for PBXProject "Get Weather" */ = {
			isa = XCConfigurationList;
			buildConfigurations = (
				2FAB7D0822407BD400CC2A1D /* Debug */,
				2FAB7D0922407BD400CC2A1D /* Release */,
			);
			defaultConfigurationIsVisible = 0;
			defaultConfigurationName = Release;
		};
		2FAB7D0A22407BD400CC2A1D /* Build configuration list for PBXNativeTarget "Get Weather" */ = {
			isa = XCConfigurationList;
			buildConfigurations = (
				2FAB7D0B22407BD400CC2A1D /* Debug */,
				2FAB7D0C22407BD400CC2A1D /* Release */,
			);
			defaultConfigurationIsVisible = 0;
			defaultConfigurationName = Release;
		};
/* End XCConfigurationList section */
	};
	rootObject = 2FAB7CF022407BD400CC2A1D /* Project object */;
}
